// !$*UTF8*$!
{
	archiveVersion = 1;
	classes = {
	};
	objectVersion = 50;
	objects = {

/* Begin PBXBuildFile section */
		5EFAE0CD20992D34002D16A6 /* AppDelegate.swift in Sources */ = {isa = PBXBuildFile; fileRef = 5EFAE0CC20992D34002D16A6 /* AppDelegate.swift */; };
		5EFAE0CF20992D34002D16A6 /* ViewController.swift in Sources */ = {isa = PBXBuildFile; fileRef = 5EFAE0CE20992D34002D16A6 /* ViewController.swift */; };
		5EFAE0D220992D34002D16A6 /* Main.storyboard in Resources */ = {isa = PBXBuildFile; fileRef = 5EFAE0D020992D34002D16A6 /* Main.storyboard */; };
		5EFAE0D420992D37002D16A6 /* Assets.xcassets in Resources */ = {isa = PBXBuildFile; fileRef = 5EFAE0D320992D37002D16A6 /* Assets.xcassets */; };
		5EFAE0D720992D37002D16A6 /* LaunchScreen.storyboard in Resources */ = {isa = PBXBuildFile; fileRef = 5EFAE0D520992D37002D16A6 /* LaunchScreen.storyboard */; };
		5EFAE0E220992D37002D16A6 /* LookBackTests.swift in Sources */ = {isa = PBXBuildFile; fileRef = 5EFAE0E120992D37002D16A6 /* LookBackTests.swift */; };
		5EFAE0ED20992D37002D16A6 /* LookBackUITests.swift in Sources */ = {isa = PBXBuildFile; fileRef = 5EFAE0EC20992D37002D16A6 /* LookBackUITests.swift */; };
/* End PBXBuildFile section */

/* Begin PBXContainerItemProxy section */
		5EFAE0DE20992D37002D16A6 /* PBXContainerItemProxy */ = {
			isa = PBXContainerItemProxy;
			containerPortal = 5EFAE0C120992D34002D16A6 /* Project object */;
			proxyType = 1;
			remoteGlobalIDString = 5EFAE0C820992D34002D16A6;
			remoteInfo = LookBack;
		};
		5EFAE0E920992D37002D16A6 /* PBXContainerItemProxy */ = {
			isa = PBXContainerItemProxy;
			containerPortal = 5EFAE0C120992D34002D16A6 /* Project object */;
			proxyType = 1;
			remoteGlobalIDString = 5EFAE0C820992D34002D16A6;
			remoteInfo = LookBack;
		};
/* End PBXContainerItemProxy section */

/* Begin PBXFileReference section */
		5EFAE0C920992D34002D16A6 /* LookBack.app */ = {isa = PBXFileReference; explicitFileType = wrapper.application; includeInIndex = 0; path = LookBack.app; sourceTree = BUILT_PRODUCTS_DIR; };
		5EFAE0CC20992D34002D16A6 /* AppDelegate.swift */ = {isa = PBXFileReference; lastKnownFileType = sourcecode.swift; path = AppDelegate.swift; sourceTree = "<group>"; };
		5EFAE0CE20992D34002D16A6 /* ViewController.swift */ = {isa = PBXFileReference; lastKnownFileType = sourcecode.swift; path = ViewController.swift; sourceTree = "<group>"; };
		5EFAE0D120992D34002D16A6 /* Base */ = {isa = PBXFileReference; lastKnownFileType = file.storyboard; name = Base; path = Base.lproj/Main.storyboard; sourceTree = "<group>"; };
		5EFAE0D320992D37002D16A6 /* Assets.xcassets */ = {isa = PBXFileReference; lastKnownFileType = folder.assetcatalog; path = Assets.xcassets; sourceTree = "<group>"; };
		5EFAE0D620992D37002D16A6 /* Base */ = {isa = PBXFileReference; lastKnownFileType = file.storyboard; name = Base; path = Base.lproj/LaunchScreen.storyboard; sourceTree = "<group>"; };
		5EFAE0D820992D37002D16A6 /* Info.plist */ = {isa = PBXFileReference; lastKnownFileType = text.plist.xml; path = Info.plist; sourceTree = "<group>"; };
		5EFAE0DD20992D37002D16A6 /* LookBackTests.xctest */ = {isa = PBXFileReference; explicitFileType = wrapper.cfbundle; includeInIndex = 0; path = LookBackTests.xctest; sourceTree = BUILT_PRODUCTS_DIR; };
		5EFAE0E120992D37002D16A6 /* LookBackTests.swift */ = {isa = PBXFileReference; lastKnownFileType = sourcecode.swift; path = LookBackTests.swift; sourceTree = "<group>"; };
		5EFAE0E320992D37002D16A6 /* Info.plist */ = {isa = PBXFileReference; lastKnownFileType = text.plist.xml; path = Info.plist; sourceTree = "<group>"; };
		5EFAE0E820992D37002D16A6 /* LookBackUITests.xctest */ = {isa = PBXFileReference; explicitFileType = wrapper.cfbundle; includeInIndex = 0; path = LookBackUITests.xctest; sourceTree = BUILT_PRODUCTS_DIR; };
		5EFAE0EC20992D37002D16A6 /* LookBackUITests.swift */ = {isa = PBXFileReference; lastKnownFileType = sourcecode.swift; path = LookBackUITests.swift; sourceTree = "<group>"; };
		5EFAE0EE20992D37002D16A6 /* Info.plist */ = {isa = PBXFileReference; lastKnownFileType = text.plist.xml; path = Info.plist; sourceTree = "<group>"; };
/* End PBXFileReference section */

/* Begin PBXFrameworksBuildPhase section */
		5EFAE0C620992D34002D16A6 /* Frameworks */ = {
			isa = PBXFrameworksBuildPhase;
			buildActionMask = 2147483647;
			files = (
			);
			runOnlyForDeploymentPostprocessing = 0;
		};
		5EFAE0DA20992D37002D16A6 /* Frameworks */ = {
			isa = PBXFrameworksBuildPhase;
			buildActionMask = 2147483647;
			files = (
			);
			runOnlyForDeploymentPostprocessing = 0;
		};
		5EFAE0E520992D37002D16A6 /* Frameworks */ = {
			isa = PBXFrameworksBuildPhase;
			buildActionMask = 2147483647;
			files = (
			);
			runOnlyForDeploymentPostprocessing = 0;
		};
/* End PBXFrameworksBuildPhase section */

/* Begin PBXGroup section */
		5EFAE0C020992D34002D16A6 = {
			isa = PBXGroup;
			children = (
				5EFAE0CB20992D34002D16A6 /* LookBack */,
				5EFAE0E020992D37002D16A6 /* LookBackTests */,
				5EFAE0EB20992D37002D16A6 /* LookBackUITests */,
				5EFAE0CA20992D34002D16A6 /* Products */,
			);
			sourceTree = "<group>";
		};
		5EFAE0CA20992D34002D16A6 /* Products */ = {
			isa = PBXGroup;
			children = (
				5EFAE0C920992D34002D16A6 /* LookBack.app */,
				5EFAE0DD20992D37002D16A6 /* LookBackTests.xctest */,
				5EFAE0E820992D37002D16A6 /* LookBackUITests.xctest */,
			);
			name = Products;
			sourceTree = "<group>";
		};
		5EFAE0CB20992D34002D16A6 /* LookBack */ = {
			isa = PBXGroup;
			children = (
				5EFAE0CC20992D34002D16A6 /* AppDelegate.swift */,
				5EFAE0CE20992D34002D16A6 /* ViewController.swift */,
				5EFAE0D020992D34002D16A6 /* Main.storyboard */,
				5EFAE0D320992D37002D16A6 /* Assets.xcassets */,
				5EFAE0D520992D37002D16A6 /* LaunchScreen.storyboard */,
				5EFAE0D820992D37002D16A6 /* Info.plist */,
			);
			path = LookBack;
			sourceTree = "<group>";
		};
		5EFAE0E020992D37002D16A6 /* LookBackTests */ = {
			isa = PBXGroup;
			children = (
				5EFAE0E120992D37002D16A6 /* LookBackTests.swift */,
				5EFAE0E320992D37002D16A6 /* Info.plist */,
			);
			path = LookBackTests;
			sourceTree = "<group>";
		};
		5EFAE0EB20992D37002D16A6 /* LookBackUITests */ = {
			isa = PBXGroup;
			children = (
				5EFAE0EC20992D37002D16A6 /* LookBackUITests.swift */,
				5EFAE0EE20992D37002D16A6 /* Info.plist */,
			);
			path = LookBackUITests;
			sourceTree = "<group>";
		};
/* End PBXGroup section */

/* Begin PBXNativeTarget section */
		5EFAE0C820992D34002D16A6 /* LookBack */ = {
			isa = PBXNativeTarget;
			buildConfigurationList = 5EFAE0F120992D37002D16A6 /* Build configuration list for PBXNativeTarget "LookBack" */;
			buildPhases = (
				5EFAE0C520992D34002D16A6 /* Sources */,
				5EFAE0C620992D34002D16A6 /* Frameworks */,
				5EFAE0C720992D34002D16A6 /* Resources */,
			);
			buildRules = (
			);
			dependencies = (
			);
			name = LookBack;
			productName = LookBack;
			productReference = 5EFAE0C920992D34002D16A6 /* LookBack.app */;
			productType = "com.apple.product-type.application";
		};
		5EFAE0DC20992D37002D16A6 /* LookBackTests */ = {
			isa = PBXNativeTarget;
			buildConfigurationList = 5EFAE0F420992D37002D16A6 /* Build configuration list for PBXNativeTarget "LookBackTests" */;
			buildPhases = (
				5EFAE0D920992D37002D16A6 /* Sources */,
				5EFAE0DA20992D37002D16A6 /* Frameworks */,
				5EFAE0DB20992D37002D16A6 /* Resources */,
			);
			buildRules = (
			);
			dependencies = (
				5EFAE0DF20992D37002D16A6 /* PBXTargetDependency */,
			);
			name = LookBackTests;
			productName = LookBackTests;
			productReference = 5EFAE0DD20992D37002D16A6 /* LookBackTests.xctest */;
			productType = "com.apple.product-type.bundle.unit-test";
		};
		5EFAE0E720992D37002D16A6 /* LookBackUITests */ = {
			isa = PBXNativeTarget;
			buildConfigurationList = 5EFAE0F720992D37002D16A6 /* Build configuration list for PBXNativeTarget "LookBackUITests" */;
			buildPhases = (
				5EFAE0E420992D37002D16A6 /* Sources */,
				5EFAE0E520992D37002D16A6 /* Frameworks */,
				5EFAE0E620992D37002D16A6 /* Resources */,
			);
			buildRules = (
			);
			dependencies = (
				5EFAE0EA20992D37002D16A6 /* PBXTargetDependency */,
			);
			name = LookBackUITests;
			productName = LookBackUITests;
			productReference = 5EFAE0E820992D37002D16A6 /* LookBackUITests.xctest */;
			productType = "com.apple.product-type.bundle.ui-testing";
		};
/* End PBXNativeTarget section */

/* Begin PBXProject section */
		5EFAE0C120992D34002D16A6 /* Project object */ = {
			isa = PBXProject;
			attributes = {
				LastSwiftUpdateCheck = 0930;
				LastUpgradeCheck = 0930;
				ORGANIZATIONNAME = dwbcampbell;
				TargetAttributes = {
					5EFAE0C820992D34002D16A6 = {
						CreatedOnToolsVersion = 9.3;
					};
					5EFAE0DC20992D37002D16A6 = {
						CreatedOnToolsVersion = 9.3;
						TestTargetID = 5EFAE0C820992D34002D16A6;
					};
					5EFAE0E720992D37002D16A6 = {
						CreatedOnToolsVersion = 9.3;
						TestTargetID = 5EFAE0C820992D34002D16A6;
					};
				};
			};
			buildConfigurationList = 5EFAE0C420992D34002D16A6 /* Build configuration list for PBXProject "LookBack" */;
			compatibilityVersion = "Xcode 9.3";
			developmentRegion = en;
			hasScannedForEncodings = 0;
			knownRegions = (
				en,
				Base,
			);
			mainGroup = 5EFAE0C020992D34002D16A6;
			productRefGroup = 5EFAE0CA20992D34002D16A6 /* Products */;
			projectDirPath = "";
			projectRoot = "";
			targets = (
				5EFAE0C820992D34002D16A6 /* LookBack */,
				5EFAE0DC20992D37002D16A6 /* LookBackTests */,
				5EFAE0E720992D37002D16A6 /* LookBackUITests */,
			);
		};
/* End PBXProject section */

/* Begin PBXResourcesBuildPhase section */
		5EFAE0C720992D34002D16A6 /* Resources */ = {
			isa = PBXResourcesBuildPhase;
			buildActionMask = 2147483647;
			files = (
				5EFAE0D720992D37002D16A6 /* LaunchScreen.storyboard in Resources */,
				5EFAE0D420992D37002D16A6 /* Assets.xcassets in Resources */,
				5EFAE0D220992D34002D16A6 /* Main.storyboard in Resources */,
			);
			runOnlyForDeploymentPostprocessing = 0;
		};
		5EFAE0DB20992D37002D16A6 /* Resources */ = {
			isa = PBXResourcesBuildPhase;
			buildActionMask = 2147483647;
			files = (
			);
			runOnlyForDeploymentPostprocessing = 0;
		};
		5EFAE0E620992D37002D16A6 /* Resources */ = {
			isa = PBXResourcesBuildPhase;
			buildActionMask = 2147483647;
			files = (
			);
			runOnlyForDeploymentPostprocessing = 0;
		};
/* End PBXResourcesBuildPhase section */

/* Begin PBXSourcesBuildPhase section */
		5EFAE0C520992D34002D16A6 /* Sources */ = {
			isa = PBXSourcesBuildPhase;
			buildActionMask = 2147483647;
			files = (
				5EFAE0CF20992D34002D16A6 /* ViewController.swift in Sources */,
				5EFAE0CD20992D34002D16A6 /* AppDelegate.swift in Sources */,
			);
			runOnlyForDeploymentPostprocessing = 0;
		};
		5EFAE0D920992D37002D16A6 /* Sources */ = {
			isa = PBXSourcesBuildPhase;
			buildActionMask = 2147483647;
			files = (
				5EFAE0E220992D37002D16A6 /* LookBackTests.swift in Sources */,
			);
			runOnlyForDeploymentPostprocessing = 0;
		};
		5EFAE0E420992D37002D16A6 /* Sources */ = {
			isa = PBXSourcesBuildPhase;
			buildActionMask = 2147483647;
			files = (
				5EFAE0ED20992D37002D16A6 /* LookBackUITests.swift in Sources */,
			);
			runOnlyForDeploymentPostprocessing = 0;
		};
/* End PBXSourcesBuildPhase section */

/* Begin PBXTargetDependency section */
		5EFAE0DF20992D37002D16A6 /* PBXTargetDependency */ = {
			isa = PBXTargetDependency;
			target = 5EFAE0C820992D34002D16A6 /* LookBack */;
			targetProxy = 5EFAE0DE20992D37002D16A6 /* PBXContainerItemProxy */;
		};
		5EFAE0EA20992D37002D16A6 /* PBXTargetDependency */ = {
			isa = PBXTargetDependency;
			target = 5EFAE0C820992D34002D16A6 /* LookBack */;
			targetProxy = 5EFAE0E920992D37002D16A6 /* PBXContainerItemProxy */;
		};
/* End PBXTargetDependency section */

/* Begin PBXVariantGroup section */
		5EFAE0D020992D34002D16A6 /* Main.storyboard */ = {
			isa = PBXVariantGroup;
			children = (
				5EFAE0D120992D34002D16A6 /* Base */,
			);
			name = Main.storyboard;
			sourceTree = "<group>";
		};
		5EFAE0D520992D37002D16A6 /* LaunchScreen.storyboard */ = {
			isa = PBXVariantGroup;
			children = (
				5EFAE0D620992D37002D16A6 /* Base */,
			);
			name = LaunchScreen.storyboard;
			sourceTree = "<group>";
		};
/* End PBXVariantGroup section */

/* Begin XCBuildConfiguration section */
		5EFAE0EF20992D37002D16A6 /* Debug */ = {
			isa = XCBuildConfiguration;
			buildSettings = {
				ALWAYS_SEARCH_USER_PATHS = NO;
				CLANG_ANALYZER_NONNULL = YES;
				CLANG_ANALYZER_NUMBER_OBJECT_CONVERSION = YES_AGGRESSIVE;
				CLANG_CXX_LANGUAGE_STANDARD = "gnu++14";
				CLANG_CXX_LIBRARY = "libc++";
				CLANG_ENABLE_MODULES = YES;
				CLANG_ENABLE_OBJC_ARC = YES;
				CLANG_ENABLE_OBJC_WEAK = YES;
				CLANG_WARN_BLOCK_CAPTURE_AUTORELEASING = YES;
				CLANG_WARN_BOOL_CONVERSION = YES;
				CLANG_WARN_COMMA = YES;
				CLANG_WARN_CONSTANT_CONVERSION = YES;
				CLANG_WARN_DEPRECATED_OBJC_IMPLEMENTATIONS = YES;
				CLANG_WARN_DIRECT_OBJC_ISA_USAGE = YES_ERROR;
				CLANG_WARN_DOCUMENTATION_COMMENTS = YES;
				CLANG_WARN_EMPTY_BODY = YES;
				CLANG_WARN_ENUM_CONVERSION = YES;
				CLANG_WARN_INFINITE_RECURSION = YES;
				CLANG_WARN_INT_CONVERSION = YES;
				CLANG_WARN_NON_LITERAL_NULL_CONVERSION = YES;
				CLANG_WARN_OBJC_IMPLICIT_RETAIN_SELF = YES;
				CLANG_WARN_OBJC_LITERAL_CONVERSION = YES;
				CLANG_WARN_OBJC_ROOT_CLASS = YES_ERROR;
				CLANG_WARN_RANGE_LOOP_ANALYSIS = YES;
				CLANG_WARN_STRICT_PROTOTYPES = YES;
				CLANG_WARN_SUSPICIOUS_MOVE = YES;
				CLANG_WARN_UNGUARDED_AVAILABILITY = YES_AGGRESSIVE;
				CLANG_WARN_UNREACHABLE_CODE = YES;
				CLANG_WARN__DUPLICATE_METHOD_MATCH = YES;
				CODE_SIGN_IDENTITY = "iPhone Developer";
				COPY_PHASE_STRIP = NO;
				DEBUG_INFORMATION_FORMAT = dwarf;
				ENABLE_STRICT_OBJC_MSGSEND = YES;
				ENABLE_TESTABILITY = YES;
				GCC_C_LANGUAGE_STANDARD = gnu11;
				GCC_DYNAMIC_NO_PIC = NO;
				GCC_NO_COMMON_BLOCKS = YES;
				GCC_OPTIMIZATION_LEVEL = 0;
				GCC_PREPROCESSOR_DEFINITIONS = (
					"DEBUG=1",
					"$(inherited)",
				);
				GCC_WARN_64_TO_32_BIT_CONVERSION = YES;
				GCC_WARN_ABOUT_RETURN_TYPE = YES_ERROR;
				GCC_WARN_UNDECLARED_SELECTOR = YES;
				GCC_WARN_UNINITIALIZED_AUTOS = YES_AGGRESSIVE;
				GCC_WARN_UNUSED_FUNCTION = YES;
				GCC_WARN_UNUSED_VARIABLE = YES;
				IPHONEOS_DEPLOYMENT_TARGET = 11.3;
				MTL_ENABLE_DEBUG_INFO = YES;
				ONLY_ACTIVE_ARCH = YES;
				SDKROOT = iphoneos;
				SWIFT_ACTIVE_COMPILATION_CONDITIONS = DEBUG;
				SWIFT_OPTIMIZATION_LEVEL = "-Onone";
			};
			name = Debug;
		};
		5EFAE0F020992D37002D16A6 /* Release */ = {
			isa = XCBuildConfiguration;
			buildSettings = {
				ALWAYS_SEARCH_USER_PATHS = NO;
				CLANG_ANALYZER_NONNULL = YES;
				CLANG_ANALYZER_NUMBER_OBJECT_CONVERSION = YES_AGGRESSIVE;
				CLANG_CXX_LANGUAGE_STANDARD = "gnu++14";
				CLANG_CXX_LIBRARY = "libc++";
				CLANG_ENABLE_MODULES = YES;
				CLANG_ENABLE_OBJC_ARC = YES;
				CLANG_ENABLE_OBJC_WEAK = YES;
				CLANG_WARN_BLOCK_CAPTURE_AUTORELEASING = YES;
				CLANG_WARN_BOOL_CONVERSION = YES;
				CLANG_WARN_COMMA = YES;
				CLANG_WARN_CONSTANT_CONVERSION = YES;
				CLANG_WARN_DEPRECATED_OBJC_IMPLEMENTATIONS = YES;
				CLANG_WARN_DIRECT_OBJC_ISA_USAGE = YES_ERROR;
				CLANG_WARN_DOCUMENTATION_COMMENTS = YES;
				CLANG_WARN_EMPTY_BODY = YES;
				CLANG_WARN_ENUM_CONVERSION = YES;
				CLANG_WARN_INFINITE_RECURSION = YES;
				CLANG_WARN_INT_CONVERSION = YES;
				CLANG_WARN_NON_LITERAL_NULL_CONVERSION = YES;
				CLANG_WARN_OBJC_IMPLICIT_RETAIN_SELF = YES;
				CLANG_WARN_OBJC_LITERAL_CONVERSION = YES;
				CLANG_WARN_OBJC_ROOT_CLASS = YES_ERROR;
				CLANG_WARN_RANGE_LOOP_ANALYSIS = YES;
				CLANG_WARN_STRICT_PROTOTYPES = YES;
				CLANG_WARN_SUSPICIOUS_MOVE = YES;
				CLANG_WARN_UNGUARDED_AVAILABILITY = YES_AGGRESSIVE;
				CLANG_WARN_UNREACHABLE_CODE = YES;
				CLANG_WARN__DUPLICATE_METHOD_MATCH = YES;
				CODE_SIGN_IDENTITY = "iPhone Developer";
				COPY_PHASE_STRIP = NO;
				DEBUG_INFORMATION_FORMAT = "dwarf-with-dsym";
				ENABLE_NS_ASSERTIONS = NO;
				ENABLE_STRICT_OBJC_MSGSEND = YES;
				GCC_C_LANGUAGE_STANDARD = gnu11;
				GCC_NO_COMMON_BLOCKS = YES;
				GCC_WARN_64_TO_32_BIT_CONVERSION = YES;
				GCC_WARN_ABOUT_RETURN_TYPE = YES_ERROR;
				GCC_WARN_UNDECLARED_SELECTOR = YES;
				GCC_WARN_UNINITIALIZED_AUTOS = YES_AGGRESSIVE;
				GCC_WARN_UNUSED_FUNCTION = YES;
				GCC_WARN_UNUSED_VARIABLE = YES;
				IPHONEOS_DEPLOYMENT_TARGET = 11.3;
				MTL_ENABLE_DEBUG_INFO = NO;
				SDKROOT = iphoneos;
				SWIFT_COMPILATION_MODE = wholemodule;
				SWIFT_OPTIMIZATION_LEVEL = "-O";
				VALIDATE_PRODUCT = YES;
			};
			name = Release;
		};
		5EFAE0F220992D37002D16A6 /* Debug */ = {
			isa = XCBuildConfiguration;
			buildSettings = {
				ASSETCATALOG_COMPILER_APPICON_NAME = AppIcon;
				CODE_SIGN_STYLE = Automatic;
				INFOPLIST_FILE = LookBack/Info.plist;
				LD_RUNPATH_SEARCH_PATHS = (
					"$(inherited)",
					"@executable_path/Frameworks",
				);
				PRODUCT_BUNDLE_IDENTIFIER = org.dwbcampbell.LookBack;
				PRODUCT_NAME = "$(TARGET_NAME)";
				SWIFT_VERSION = 4.0;
				TARGETED_DEVICE_FAMILY = "1,2";
			};
			name = Debug;
		};
		5EFAE0F320992D37002D16A6 /* Release */ = {
			isa = XCBuildConfiguration;
			buildSettings = {
				ASSETCATALOG_COMPILER_APPICON_NAME = AppIcon;
				CODE_SIGN_STYLE = Automatic;
				INFOPLIST_FILE = LookBack/Info.plist;
				LD_RUNPATH_SEARCH_PATHS = (
					"$(inherited)",
					"@executable_path/Frameworks",
				);
				PRODUCT_BUNDLE_IDENTIFIER = org.dwbcampbell.LookBack;
				PRODUCT_NAME = "$(TARGET_NAME)";
				SWIFT_VERSION = 4.0;
				TARGETED_DEVICE_FAMILY = "1,2";
			};
			name = Release;
		};
		5EFAE0F520992D37002D16A6 /* Debug */ = {
			isa = XCBuildConfiguration;
			buildSettings = {
				ALWAYS_EMBED_SWIFT_STANDARD_LIBRARIES = YES;
				BUNDLE_LOADER = "$(TEST_HOST)";
				CODE_SIGN_STYLE = Automatic;
				INFOPLIST_FILE = LookBackTests/Info.plist;
				LD_RUNPATH_SEARCH_PATHS = (
					"$(inherited)",
					"@executable_path/Frameworks",
					"@loader_path/Frameworks",
				);
				PRODUCT_BUNDLE_IDENTIFIER = org.dwbcampbell.LookBackTests;
				PRODUCT_NAME = "$(TARGET_NAME)";
				SWIFT_VERSION = 4.0;
				TARGETED_DEVICE_FAMILY = "1,2";
				TEST_HOST = "$(BUILT_PRODUCTS_DIR)/LookBack.app/LookBack";
			};
			name = Debug;
		};
		5EFAE0F620992D37002D16A6 /* Release */ = {
			isa = XCBuildConfiguration;
			buildSettings = {
				ALWAYS_EMBED_SWIFT_STANDARD_LIBRARIES = YES;
				BUNDLE_LOADER = "$(TEST_HOST)";
				CODE_SIGN_STYLE = Automatic;
				INFOPLIST_FILE = LookBackTests/Info.plist;
				LD_RUNPATH_SEARCH_PATHS = (
					"$(inherited)",
					"@executable_path/Frameworks",
					"@loader_path/Frameworks",
				);
				PRODUCT_BUNDLE_IDENTIFIER = org.dwbcampbell.LookBackTests;
				PRODUCT_NAME = "$(TARGET_NAME)";
				SWIFT_VERSION = 4.0;
				TARGETED_DEVICE_FAMILY = "1,2";
				TEST_HOST = "$(BUILT_PRODUCTS_DIR)/LookBack.app/LookBack";
			};
			name = Release;
		};
		5EFAE0F820992D37002D16A6 /* Debug */ = {
			isa = XCBuildConfiguration;
			buildSettings = {
				ALWAYS_EMBED_SWIFT_STANDARD_LIBRARIES = YES;
				CODE_SIGN_STYLE = Automatic;
				INFOPLIST_FILE = LookBackUITests/Info.plist;
				LD_RUNPATH_SEARCH_PATHS = (
					"$(inherited)",
					"@executable_path/Frameworks",
					"@loader_path/Frameworks",
				);
				PRODUCT_BUNDLE_IDENTIFIER = org.dwbcampbell.LookBackUITests;
				PRODUCT_NAME = "$(TARGET_NAME)";
				SWIFT_VERSION = 4.0;
				TARGETED_DEVICE_FAMILY = "1,2";
				TEST_TARGET_NAME = LookBack;
			};
			name = Debug;
		};
		5EFAE0F920992D37002D16A6 /* Release */ = {
			isa = XCBuildConfiguration;
			buildSettings = {
				ALWAYS_EMBED_SWIFT_STANDARD_LIBRARIES = YES;
				CODE_SIGN_STYLE = Automatic;
				INFOPLIST_FILE = LookBackUITests/Info.plist;
				LD_RUNPATH_SEARCH_PATHS = (
					"$(inherited)",
					"@executable_path/Frameworks",
					"@loader_path/Frameworks",
				);
				PRODUCT_BUNDLE_IDENTIFIER = org.dwbcampbell.LookBackUITests;
				PRODUCT_NAME = "$(TARGET_NAME)";
				SWIFT_VERSION = 4.0;
				TARGETED_DEVICE_FAMILY = "1,2";
				TEST_TARGET_NAME = LookBack;
			};
			name = Release;
		};
/* End XCBuildConfiguration section */

/* Begin XCConfigurationList section */
		5EFAE0C420992D34002D16A6 /* Build configuration list for PBXProject "LookBack" */ = {
			isa = XCConfigurationList;
			buildConfigurations = (
				5EFAE0EF20992D37002D16A6 /* Debug */,
				5EFAE0F020992D37002D16A6 /* Release */,
			);
			defaultConfigurationIsVisible = 0;
			defaultConfigurationName = Release;
		};
		5EFAE0F120992D37002D16A6 /* Build configuration list for PBXNativeTarget "LookBack" */ = {
			isa = XCConfigurationList;
			buildConfigurations = (
				5EFAE0F220992D37002D16A6 /* Debug */,
				5EFAE0F320992D37002D16A6 /* Release */,
			);
			defaultConfigurationIsVisible = 0;
			defaultConfigurationName = Release;
		};
		5EFAE0F420992D37002D16A6 /* Build configuration list for PBXNativeTarget "LookBackTests" */ = {
			isa = XCConfigurationList;
			buildConfigurations = (
				5EFAE0F520992D37002D16A6 /* Debug */,
				5EFAE0F620992D37002D16A6 /* Release */,
			);
			defaultConfigurationIsVisible = 0;
			defaultConfigurationName = Release;
		};
		5EFAE0F720992D37002D16A6 /* Build configuration list for PBXNativeTarget "LookBackUITests" */ = {
			isa = XCConfigurationList;
			buildConfigurations = (
				5EFAE0F820992D37002D16A6 /* Debug */,
				5EFAE0F920992D37002D16A6 /* Release */,
			);
			defaultConfigurationIsVisible = 0;
			defaultConfigurationName = Release;
		};
/* End XCConfigurationList section */
	};
	rootObject = 5EFAE0C120992D34002D16A6 /* Project object */;
}
