// !$*UTF8*$!
{
	archiveVersion = 1;
	classes = {
	};
	objectVersion = 50;
	objects = {

/* Begin PBXBuildFile section */
		5E21B000209D1AD100EC6B34 /* ViewController.swift in Sources */ = {isa = PBXBuildFile; fileRef = 5E21AFF8209D1AD100EC6B34 /* ViewController.swift */; };
		5E21B001209D1AD100EC6B34 /* Assets.xcassets in Resources */ = {isa = PBXBuildFile; fileRef = 5E21AFF9209D1AD100EC6B34 /* Assets.xcassets */; };
		5E21B002209D1AD100EC6B34 /* LaunchScreen.storyboard in Resources */ = {isa = PBXBuildFile; fileRef = 5E21AFFA209D1AD100EC6B34 /* LaunchScreen.storyboard */; };
		5E21B003209D1AD100EC6B34 /* Main.storyboard in Resources */ = {isa = PBXBuildFile; fileRef = 5E21AFFC209D1AD100EC6B34 /* Main.storyboard */; };
		5E21B004209D1AD100EC6B34 /* AppDelegate.swift in Sources */ = {isa = PBXBuildFile; fileRef = 5E21AFFE209D1AD100EC6B34 /* AppDelegate.swift */; };
		5E21B005209D1AD100EC6B34 /* Info.plist in Resources */ = {isa = PBXBuildFile; fileRef = 5E21AFFF209D1AD100EC6B34 /* Info.plist */; };
		5E21B009209D1AF900EC6B34 /* 9.mp4 in Resources */ = {isa = PBXBuildFile; fileRef = 5E21B008209D1AF900EC6B34 /* 9.mp4 */; };
		5E5D0AC3209D1451007D9C85 /* AppDelegate.swift in Sources */ = {isa = PBXBuildFile; fileRef = 5E5D0AC2209D1451007D9C85 /* AppDelegate.swift */; };
		5E5D0AC5209D1452007D9C85 /* ViewController.swift in Sources */ = {isa = PBXBuildFile; fileRef = 5E5D0AC4209D1452007D9C85 /* ViewController.swift */; };
		5E5D0AC8209D1452007D9C85 /* Main.storyboard in Resources */ = {isa = PBXBuildFile; fileRef = 5E5D0AC6209D1452007D9C85 /* Main.storyboard */; };
		5E5D0ACA209D1453007D9C85 /* Assets.xcassets in Resources */ = {isa = PBXBuildFile; fileRef = 5E5D0AC9209D1453007D9C85 /* Assets.xcassets */; };
		5E5D0ACD209D1453007D9C85 /* LaunchScreen.storyboard in Resources */ = {isa = PBXBuildFile; fileRef = 5E5D0ACB209D1453007D9C85 /* LaunchScreen.storyboard */; };
		5E5D0AD8209D1453007D9C85 /* LookBackPeripheralTests.swift in Sources */ = {isa = PBXBuildFile; fileRef = 5E5D0AD7209D1453007D9C85 /* LookBackPeripheralTests.swift */; };
		5E5D0AE3209D1453007D9C85 /* LookBackPeripheralUITests.swift in Sources */ = {isa = PBXBuildFile; fileRef = 5E5D0AE2209D1453007D9C85 /* LookBackPeripheralUITests.swift */; };
/* End PBXBuildFile section */

/* Begin PBXContainerItemProxy section */
		5E5D0AD4209D1453007D9C85 /* PBXContainerItemProxy */ = {
			isa = PBXContainerItemProxy;
			containerPortal = 5E5D0AB7209D1451007D9C85 /* Project object */;
			proxyType = 1;
			remoteGlobalIDString = 5E5D0ABE209D1451007D9C85;
			remoteInfo = LookBackPeripheral;
		};
		5E5D0ADF209D1453007D9C85 /* PBXContainerItemProxy */ = {
			isa = PBXContainerItemProxy;
			containerPortal = 5E5D0AB7209D1451007D9C85 /* Project object */;
			proxyType = 1;
			remoteGlobalIDString = 5E5D0ABE209D1451007D9C85;
			remoteInfo = LookBackPeripheral;
		};
/* End PBXContainerItemProxy section */

/* Begin PBXFileReference section */
		5E21AFF8209D1AD100EC6B34 /* ViewController.swift */ = {isa = PBXFileReference; fileEncoding = 4; lastKnownFileType = sourcecode.swift; path = ViewController.swift; sourceTree = "<group>"; };
		5E21AFF9209D1AD100EC6B34 /* Assets.xcassets */ = {isa = PBXFileReference; lastKnownFileType = folder.assetcatalog; path = Assets.xcassets; sourceTree = "<group>"; };
		5E21AFFB209D1AD100EC6B34 /* Base */ = {isa = PBXFileReference; lastKnownFileType = file.storyboard; name = Base; path = Base.lproj/LaunchScreen.storyboard; sourceTree = "<group>"; };
		5E21AFFD209D1AD100EC6B34 /* Base */ = {isa = PBXFileReference; lastKnownFileType = file.storyboard; name = Base; path = Base.lproj/Main.storyboard; sourceTree = "<group>"; };
		5E21AFFE209D1AD100EC6B34 /* AppDelegate.swift */ = {isa = PBXFileReference; fileEncoding = 4; lastKnownFileType = sourcecode.swift; path = AppDelegate.swift; sourceTree = "<group>"; };
		5E21AFFF209D1AD100EC6B34 /* Info.plist */ = {isa = PBXFileReference; fileEncoding = 4; lastKnownFileType = text.plist.xml; path = Info.plist; sourceTree = "<group>"; };
		5E21B008209D1AF900EC6B34 /* 9.mp4 */ = {isa = PBXFileReference; lastKnownFileType = file; path = 9.mp4; sourceTree = "<group>"; };
		5E5D0ABF209D1451007D9C85 /* LookBackPeripheral.app */ = {isa = PBXFileReference; explicitFileType = wrapper.application; includeInIndex = 0; path = LookBackPeripheral.app; sourceTree = BUILT_PRODUCTS_DIR; };
		5E5D0AC2209D1451007D9C85 /* AppDelegate.swift */ = {isa = PBXFileReference; lastKnownFileType = sourcecode.swift; path = AppDelegate.swift; sourceTree = "<group>"; };
		5E5D0AC4209D1452007D9C85 /* ViewController.swift */ = {isa = PBXFileReference; lastKnownFileType = sourcecode.swift; path = ViewController.swift; sourceTree = "<group>"; };
		5E5D0AC7209D1452007D9C85 /* Base */ = {isa = PBXFileReference; lastKnownFileType = file.storyboard; name = Base; path = Base.lproj/Main.storyboard; sourceTree = "<group>"; };
		5E5D0AC9209D1453007D9C85 /* Assets.xcassets */ = {isa = PBXFileReference; lastKnownFileType = folder.assetcatalog; path = Assets.xcassets; sourceTree = "<group>"; };
		5E5D0ACC209D1453007D9C85 /* Base */ = {isa = PBXFileReference; lastKnownFileType = file.storyboard; name = Base; path = Base.lproj/LaunchScreen.storyboard; sourceTree = "<group>"; };
		5E5D0ACE209D1453007D9C85 /* Info.plist */ = {isa = PBXFileReference; lastKnownFileType = text.plist.xml; path = Info.plist; sourceTree = "<group>"; };
		5E5D0AD3209D1453007D9C85 /* LookBackPeripheralTests.xctest */ = {isa = PBXFileReference; explicitFileType = wrapper.cfbundle; includeInIndex = 0; path = LookBackPeripheralTests.xctest; sourceTree = BUILT_PRODUCTS_DIR; };
		5E5D0AD7209D1453007D9C85 /* LookBackPeripheralTests.swift */ = {isa = PBXFileReference; lastKnownFileType = sourcecode.swift; path = LookBackPeripheralTests.swift; sourceTree = "<group>"; };
		5E5D0AD9209D1453007D9C85 /* Info.plist */ = {isa = PBXFileReference; lastKnownFileType = text.plist.xml; path = Info.plist; sourceTree = "<group>"; };
		5E5D0ADE209D1453007D9C85 /* LookBackPeripheralUITests.xctest */ = {isa = PBXFileReference; explicitFileType = wrapper.cfbundle; includeInIndex = 0; path = LookBackPeripheralUITests.xctest; sourceTree = BUILT_PRODUCTS_DIR; };
		5E5D0AE2209D1453007D9C85 /* LookBackPeripheralUITests.swift */ = {isa = PBXFileReference; lastKnownFileType = sourcecode.swift; path = LookBackPeripheralUITests.swift; sourceTree = "<group>"; };
		5E5D0AE4209D1453007D9C85 /* Info.plist */ = {isa = PBXFileReference; lastKnownFileType = text.plist.xml; path = Info.plist; sourceTree = "<group>"; };
/* End PBXFileReference section */

/* Begin PBXFrameworksBuildPhase section */
		5E5D0ABC209D1451007D9C85 /* Frameworks */ = {
			isa = PBXFrameworksBuildPhase;
			buildActionMask = 2147483647;
			files = (
			);
			runOnlyForDeploymentPostprocessing = 0;
		};
		5E5D0AD0209D1453007D9C85 /* Frameworks */ = {
			isa = PBXFrameworksBuildPhase;
			buildActionMask = 2147483647;
			files = (
			);
			runOnlyForDeploymentPostprocessing = 0;
		};
		5E5D0ADB209D1453007D9C85 /* Frameworks */ = {
			isa = PBXFrameworksBuildPhase;
			buildActionMask = 2147483647;
			files = (
			);
			runOnlyForDeploymentPostprocessing = 0;
		};
/* End PBXFrameworksBuildPhase section */

/* Begin PBXGroup section */
		5E21AFF7209D1AD100EC6B34 /* LookBackPeripheral */ = {
			isa = PBXGroup;
			children = (
				5E21AFF8209D1AD100EC6B34 /* ViewController.swift */,
				5E21AFF9209D1AD100EC6B34 /* Assets.xcassets */,
				5E21AFFA209D1AD100EC6B34 /* LaunchScreen.storyboard */,
				5E21AFFC209D1AD100EC6B34 /* Main.storyboard */,
				5E21AFFE209D1AD100EC6B34 /* AppDelegate.swift */,
				5E21AFFF209D1AD100EC6B34 /* Info.plist */,
			);
			name = LookBackPeripheral;
			sourceTree = "<group>";
		};
		5E5D0AB6209D1451007D9C85 = {
			isa = PBXGroup;
			children = (
				5E21B008209D1AF900EC6B34 /* 9.mp4 */,
				5E5D0AC1209D1451007D9C85 /* LookBackPeripheral */,
				5E5D0AD6209D1453007D9C85 /* LookBackPeripheralTests */,
				5E5D0AE1209D1453007D9C85 /* LookBackPeripheralUITests */,
				5E5D0AC0209D1451007D9C85 /* Products */,
			);
			sourceTree = "<group>";
		};
		5E5D0AC0209D1451007D9C85 /* Products */ = {
			isa = PBXGroup;
			children = (
				5E5D0ABF209D1451007D9C85 /* LookBackPeripheral.app */,
				5E5D0AD3209D1453007D9C85 /* LookBackPeripheralTests.xctest */,
				5E5D0ADE209D1453007D9C85 /* LookBackPeripheralUITests.xctest */,
			);
			name = Products;
			sourceTree = "<group>";
		};
		5E5D0AC1209D1451007D9C85 /* LookBackPeripheral */ = {
			isa = PBXGroup;
			children = (
				5E21AFF7209D1AD100EC6B34 /* LookBackPeripheral */,
				5E5D0AC2209D1451007D9C85 /* AppDelegate.swift */,
				5E5D0AC4209D1452007D9C85 /* ViewController.swift */,
				5E5D0AC6209D1452007D9C85 /* Main.storyboard */,
				5E5D0AC9209D1453007D9C85 /* Assets.xcassets */,
				5E5D0ACB209D1453007D9C85 /* LaunchScreen.storyboard */,
				5E5D0ACE209D1453007D9C85 /* Info.plist */,
			);
			path = LookBackPeripheral;
			sourceTree = "<group>";
		};
		5E5D0AD6209D1453007D9C85 /* LookBackPeripheralTests */ = {
			isa = PBXGroup;
			children = (
				5E5D0AD7209D1453007D9C85 /* LookBackPeripheralTests.swift */,
				5E5D0AD9209D1453007D9C85 /* Info.plist */,
			);
			path = LookBackPeripheralTests;
			sourceTree = "<group>";
		};
		5E5D0AE1209D1453007D9C85 /* LookBackPeripheralUITests */ = {
			isa = PBXGroup;
			children = (
				5E5D0AE2209D1453007D9C85 /* LookBackPeripheralUITests.swift */,
				5E5D0AE4209D1453007D9C85 /* Info.plist */,
			);
			path = LookBackPeripheralUITests;
			sourceTree = "<group>";
		};
/* End PBXGroup section */

/* Begin PBXNativeTarget section */
		5E5D0ABE209D1451007D9C85 /* LookBackPeripheral */ = {
			isa = PBXNativeTarget;
			buildConfigurationList = 5E5D0AE7209D1453007D9C85 /* Build configuration list for PBXNativeTarget "LookBackPeripheral" */;
			buildPhases = (
				5E5D0ABB209D1451007D9C85 /* Sources */,
				5E5D0ABC209D1451007D9C85 /* Frameworks */,
				5E5D0ABD209D1451007D9C85 /* Resources */,
			);
			buildRules = (
			);
			dependencies = (
			);
			name = LookBackPeripheral;
			productName = LookBackPeripheral;
			productReference = 5E5D0ABF209D1451007D9C85 /* LookBackPeripheral.app */;
			productType = "com.apple.product-type.application";
		};
		5E5D0AD2209D1453007D9C85 /* LookBackPeripheralTests */ = {
			isa = PBXNativeTarget;
			buildConfigurationList = 5E5D0AEA209D1453007D9C85 /* Build configuration list for PBXNativeTarget "LookBackPeripheralTests" */;
			buildPhases = (
				5E5D0ACF209D1453007D9C85 /* Sources */,
				5E5D0AD0209D1453007D9C85 /* Frameworks */,
				5E5D0AD1209D1453007D9C85 /* Resources */,
			);
			buildRules = (
			);
			dependencies = (
				5E5D0AD5209D1453007D9C85 /* PBXTargetDependency */,
			);
			name = LookBackPeripheralTests;
			productName = LookBackPeripheralTests;
			productReference = 5E5D0AD3209D1453007D9C85 /* LookBackPeripheralTests.xctest */;
			productType = "com.apple.product-type.bundle.unit-test";
		};
		5E5D0ADD209D1453007D9C85 /* LookBackPeripheralUITests */ = {
			isa = PBXNativeTarget;
			buildConfigurationList = 5E5D0AED209D1453007D9C85 /* Build configuration list for PBXNativeTarget "LookBackPeripheralUITests" */;
			buildPhases = (
				5E5D0ADA209D1453007D9C85 /* Sources */,
				5E5D0ADB209D1453007D9C85 /* Frameworks */,
				5E5D0ADC209D1453007D9C85 /* Resources */,
			);
			buildRules = (
			);
			dependencies = (
				5E5D0AE0209D1453007D9C85 /* PBXTargetDependency */,
			);
			name = LookBackPeripheralUITests;
			productName = LookBackPeripheralUITests;
			productReference = 5E5D0ADE209D1453007D9C85 /* LookBackPeripheralUITests.xctest */;
			productType = "com.apple.product-type.bundle.ui-testing";
		};
/* End PBXNativeTarget section */

/* Begin PBXProject section */
		5E5D0AB7209D1451007D9C85 /* Project object */ = {
			isa = PBXProject;
			attributes = {
				LastSwiftUpdateCheck = 0930;
				LastUpgradeCheck = 0930;
				ORGANIZATIONNAME = dwbcampbell;
				TargetAttributes = {
					5E5D0ABE209D1451007D9C85 = {
						CreatedOnToolsVersion = 9.3;
					};
					5E5D0AD2209D1453007D9C85 = {
						CreatedOnToolsVersion = 9.3;
						TestTargetID = 5E5D0ABE209D1451007D9C85;
					};
					5E5D0ADD209D1453007D9C85 = {
						CreatedOnToolsVersion = 9.3;
						TestTargetID = 5E5D0ABE209D1451007D9C85;
					};
				};
			};
			buildConfigurationList = 5E5D0ABA209D1451007D9C85 /* Build configuration list for PBXProject "LookBackPeripheral" */;
			compatibilityVersion = "Xcode 9.3";
			developmentRegion = en;
			hasScannedForEncodings = 0;
			knownRegions = (
				en,
				Base,
			);
			mainGroup = 5E5D0AB6209D1451007D9C85;
			productRefGroup = 5E5D0AC0209D1451007D9C85 /* Products */;
			projectDirPath = "";
			projectRoot = "";
			targets = (
				5E5D0ABE209D1451007D9C85 /* LookBackPeripheral */,
				5E5D0AD2209D1453007D9C85 /* LookBackPeripheralTests */,
				5E5D0ADD209D1453007D9C85 /* LookBackPeripheralUITests */,
			);
		};
/* End PBXProject section */

/* Begin PBXResourcesBuildPhase section */
		5E5D0ABD209D1451007D9C85 /* Resources */ = {
			isa = PBXResourcesBuildPhase;
			buildActionMask = 2147483647;
			files = (
				5E5D0ACD209D1453007D9C85 /* LaunchScreen.storyboard in Resources */,
				5E5D0ACA209D1453007D9C85 /* Assets.xcassets in Resources */,
				5E21B001209D1AD100EC6B34 /* Assets.xcassets in Resources */,
				5E21B003209D1AD100EC6B34 /* Main.storyboard in Resources */,
				5E21B002209D1AD100EC6B34 /* LaunchScreen.storyboard in Resources */,
				5E21B009209D1AF900EC6B34 /* 9.mp4 in Resources */,
				5E5D0AC8209D1452007D9C85 /* Main.storyboard in Resources */,
				5E21B005209D1AD100EC6B34 /* Info.plist in Resources */,
			);
			runOnlyForDeploymentPostprocessing = 0;
		};
		5E5D0AD1209D1453007D9C85 /* Resources */ = {
			isa = PBXResourcesBuildPhase;
			buildActionMask = 2147483647;
			files = (
			);
			runOnlyForDeploymentPostprocessing = 0;
		};
		5E5D0ADC209D1453007D9C85 /* Resources */ = {
			isa = PBXResourcesBuildPhase;
			buildActionMask = 2147483647;
			files = (
			);
			runOnlyForDeploymentPostprocessing = 0;
		};
/* End PBXResourcesBuildPhase section */

/* Begin PBXSourcesBuildPhase section */
		5E5D0ABB209D1451007D9C85 /* Sources */ = {
			isa = PBXSourcesBuildPhase;
			buildActionMask = 2147483647;
			files = (
				5E21B004209D1AD100EC6B34 /* AppDelegate.swift in Sources */,
				5E21B000209D1AD100EC6B34 /* ViewController.swift in Sources */,
				5E5D0AC5209D1452007D9C85 /* ViewController.swift in Sources */,
				5E5D0AC3209D1451007D9C85 /* AppDelegate.swift in Sources */,
			);
			runOnlyForDeploymentPostprocessing = 0;
		};
		5E5D0ACF209D1453007D9C85 /* Sources */ = {
			isa = PBXSourcesBuildPhase;
			buildActionMask = 2147483647;
			files = (
				5E5D0AD8209D1453007D9C85 /* LookBackPeripheralTests.swift in Sources */,
			);
			runOnlyForDeploymentPostprocessing = 0;
		};
		5E5D0ADA209D1453007D9C85 /* Sources */ = {
			isa = PBXSourcesBuildPhase;
			buildActionMask = 2147483647;
			files = (
				5E5D0AE3209D1453007D9C85 /* LookBackPeripheralUITests.swift in Sources */,
			);
			runOnlyForDeploymentPostprocessing = 0;
		};
/* End PBXSourcesBuildPhase section */

/* Begin PBXTargetDependency section */
		5E5D0AD5209D1453007D9C85 /* PBXTargetDependency */ = {
			isa = PBXTargetDependency;
			target = 5E5D0ABE209D1451007D9C85 /* LookBackPeripheral */;
			targetProxy = 5E5D0AD4209D1453007D9C85 /* PBXContainerItemProxy */;
		};
		5E5D0AE0209D1453007D9C85 /* PBXTargetDependency */ = {
			isa = PBXTargetDependency;
			target = 5E5D0ABE209D1451007D9C85 /* LookBackPeripheral */;
			targetProxy = 5E5D0ADF209D1453007D9C85 /* PBXContainerItemProxy */;
		};
/* End PBXTargetDependency section */

/* Begin PBXVariantGroup section */
		5E21AFFA209D1AD100EC6B34 /* LaunchScreen.storyboard */ = {
			isa = PBXVariantGroup;
			children = (
				5E21AFFB209D1AD100EC6B34 /* Base */,
			);
			name = LaunchScreen.storyboard;
			sourceTree = "<group>";
		};
		5E21AFFC209D1AD100EC6B34 /* Main.storyboard */ = {
			isa = PBXVariantGroup;
			children = (
				5E21AFFD209D1AD100EC6B34 /* Base */,
			);
			name = Main.storyboard;
			sourceTree = "<group>";
		};
		5E5D0AC6209D1452007D9C85 /* Main.storyboard */ = {
			isa = PBXVariantGroup;
			children = (
				5E5D0AC7209D1452007D9C85 /* Base */,
			);
			name = Main.storyboard;
			sourceTree = "<group>";
		};
		5E5D0ACB209D1453007D9C85 /* LaunchScreen.storyboard */ = {
			isa = PBXVariantGroup;
			children = (
				5E5D0ACC209D1453007D9C85 /* Base */,
			);
			name = LaunchScreen.storyboard;
			sourceTree = "<group>";
		};
/* End PBXVariantGroup section */

/* Begin XCBuildConfiguration section */
		5E5D0AE5209D1453007D9C85 /* Debug */ = {
			isa = XCBuildConfiguration;
			buildSettings = {
				ALWAYS_SEARCH_USER_PATHS = NO;
				CLANG_ANALYZER_NONNULL = YES;
				CLANG_ANALYZER_NUMBER_OBJECT_CONVERSION = YES_AGGRESSIVE;
				CLANG_CXX_LANGUAGE_STANDARD = "gnu++14";
				CLANG_CXX_LIBRARY = "libc++";
				CLANG_ENABLE_MODULES = YES;
				CLANG_ENABLE_OBJC_ARC = YES;
				CLANG_ENABLE_OBJC_WEAK = YES;
				CLANG_WARN_BLOCK_CAPTURE_AUTORELEASING = YES;
				CLANG_WARN_BOOL_CONVERSION = YES;
				CLANG_WARN_COMMA = YES;
				CLANG_WARN_CONSTANT_CONVERSION = YES;
				CLANG_WARN_DEPRECATED_OBJC_IMPLEMENTATIONS = YES;
				CLANG_WARN_DIRECT_OBJC_ISA_USAGE = YES_ERROR;
				CLANG_WARN_DOCUMENTATION_COMMENTS = YES;
				CLANG_WARN_EMPTY_BODY = YES;
				CLANG_WARN_ENUM_CONVERSION = YES;
				CLANG_WARN_INFINITE_RECURSION = YES;
				CLANG_WARN_INT_CONVERSION = YES;
				CLANG_WARN_NON_LITERAL_NULL_CONVERSION = YES;
				CLANG_WARN_OBJC_IMPLICIT_RETAIN_SELF = YES;
				CLANG_WARN_OBJC_LITERAL_CONVERSION = YES;
				CLANG_WARN_OBJC_ROOT_CLASS = YES_ERROR;
				CLANG_WARN_RANGE_LOOP_ANALYSIS = YES;
				CLANG_WARN_STRICT_PROTOTYPES = YES;
				CLANG_WARN_SUSPICIOUS_MOVE = YES;
				CLANG_WARN_UNGUARDED_AVAILABILITY = YES_AGGRESSIVE;
				CLANG_WARN_UNREACHABLE_CODE = YES;
				CLANG_WARN__DUPLICATE_METHOD_MATCH = YES;
				CODE_SIGN_IDENTITY = "iPhone Developer";
				COPY_PHASE_STRIP = NO;
				DEBUG_INFORMATION_FORMAT = dwarf;
				ENABLE_STRICT_OBJC_MSGSEND = YES;
				ENABLE_TESTABILITY = YES;
				GCC_C_LANGUAGE_STANDARD = gnu11;
				GCC_DYNAMIC_NO_PIC = NO;
				GCC_NO_COMMON_BLOCKS = YES;
				GCC_OPTIMIZATION_LEVEL = 0;
				GCC_PREPROCESSOR_DEFINITIONS = (
					"DEBUG=1",
					"$(inherited)",
				);
				GCC_WARN_64_TO_32_BIT_CONVERSION = YES;
				GCC_WARN_ABOUT_RETURN_TYPE = YES_ERROR;
				GCC_WARN_UNDECLARED_SELECTOR = YES;
				GCC_WARN_UNINITIALIZED_AUTOS = YES_AGGRESSIVE;
				GCC_WARN_UNUSED_FUNCTION = YES;
				GCC_WARN_UNUSED_VARIABLE = YES;
				IPHONEOS_DEPLOYMENT_TARGET = 11.3;
				MTL_ENABLE_DEBUG_INFO = YES;
				ONLY_ACTIVE_ARCH = YES;
				SDKROOT = iphoneos;
				SWIFT_ACTIVE_COMPILATION_CONDITIONS = DEBUG;
				SWIFT_OPTIMIZATION_LEVEL = "-Onone";
			};
			name = Debug;
		};
		5E5D0AE6209D1453007D9C85 /* Release */ = {
			isa = XCBuildConfiguration;
			buildSettings = {
				ALWAYS_SEARCH_USER_PATHS = NO;
				CLANG_ANALYZER_NONNULL = YES;
				CLANG_ANALYZER_NUMBER_OBJECT_CONVERSION = YES_AGGRESSIVE;
				CLANG_CXX_LANGUAGE_STANDARD = "gnu++14";
				CLANG_CXX_LIBRARY = "libc++";
				CLANG_ENABLE_MODULES = YES;
				CLANG_ENABLE_OBJC_ARC = YES;
				CLANG_ENABLE_OBJC_WEAK = YES;
				CLANG_WARN_BLOCK_CAPTURE_AUTORELEASING = YES;
				CLANG_WARN_BOOL_CONVERSION = YES;
				CLANG_WARN_COMMA = YES;
				CLANG_WARN_CONSTANT_CONVERSION = YES;
				CLANG_WARN_DEPRECATED_OBJC_IMPLEMENTATIONS = YES;
				CLANG_WARN_DIRECT_OBJC_ISA_USAGE = YES_ERROR;
				CLANG_WARN_DOCUMENTATION_COMMENTS = YES;
				CLANG_WARN_EMPTY_BODY = YES;
				CLANG_WARN_ENUM_CONVERSION = YES;
				CLANG_WARN_INFINITE_RECURSION = YES;
				CLANG_WARN_INT_CONVERSION = YES;
				CLANG_WARN_NON_LITERAL_NULL_CONVERSION = YES;
				CLANG_WARN_OBJC_IMPLICIT_RETAIN_SELF = YES;
				CLANG_WARN_OBJC_LITERAL_CONVERSION = YES;
				CLANG_WARN_OBJC_ROOT_CLASS = YES_ERROR;
				CLANG_WARN_RANGE_LOOP_ANALYSIS = YES;
				CLANG_WARN_STRICT_PROTOTYPES = YES;
				CLANG_WARN_SUSPICIOUS_MOVE = YES;
				CLANG_WARN_UNGUARDED_AVAILABILITY = YES_AGGRESSIVE;
				CLANG_WARN_UNREACHABLE_CODE = YES;
				CLANG_WARN__DUPLICATE_METHOD_MATCH = YES;
				CODE_SIGN_IDENTITY = "iPhone Developer";
				COPY_PHASE_STRIP = NO;
				DEBUG_INFORMATION_FORMAT = "dwarf-with-dsym";
				ENABLE_NS_ASSERTIONS = NO;
				ENABLE_STRICT_OBJC_MSGSEND = YES;
				GCC_C_LANGUAGE_STANDARD = gnu11;
				GCC_NO_COMMON_BLOCKS = YES;
				GCC_WARN_64_TO_32_BIT_CONVERSION = YES;
				GCC_WARN_ABOUT_RETURN_TYPE = YES_ERROR;
				GCC_WARN_UNDECLARED_SELECTOR = YES;
				GCC_WARN_UNINITIALIZED_AUTOS = YES_AGGRESSIVE;
				GCC_WARN_UNUSED_FUNCTION = YES;
				GCC_WARN_UNUSED_VARIABLE = YES;
				IPHONEOS_DEPLOYMENT_TARGET = 11.3;
				MTL_ENABLE_DEBUG_INFO = NO;
				SDKROOT = iphoneos;
				SWIFT_COMPILATION_MODE = wholemodule;
				SWIFT_OPTIMIZATION_LEVEL = "-O";
				VALIDATE_PRODUCT = YES;
			};
			name = Release;
		};
		5E5D0AE8209D1453007D9C85 /* Debug */ = {
			isa = XCBuildConfiguration;
			buildSettings = {
				ASSETCATALOG_COMPILER_APPICON_NAME = AppIcon;
				CODE_SIGN_STYLE = Automatic;
				DEVELOPMENT_TEAM = 42S72867TF;
				INFOPLIST_FILE = LookBackPeripheral/Info.plist;
				LD_RUNPATH_SEARCH_PATHS = (
					"$(inherited)",
					"@executable_path/Frameworks",
				);
				PRODUCT_BUNDLE_IDENTIFIER = org.dwbcampbell.LookBackPeripheral;
				PRODUCT_NAME = "$(TARGET_NAME)";
				SWIFT_VERSION = 4.0;
				TARGETED_DEVICE_FAMILY = "1,2";
			};
			name = Debug;
		};
		5E5D0AE9209D1453007D9C85 /* Release */ = {
			isa = XCBuildConfiguration;
			buildSettings = {
				ASSETCATALOG_COMPILER_APPICON_NAME = AppIcon;
				CODE_SIGN_STYLE = Automatic;
				DEVELOPMENT_TEAM = 42S72867TF;
				INFOPLIST_FILE = LookBackPeripheral/Info.plist;
				LD_RUNPATH_SEARCH_PATHS = (
					"$(inherited)",
					"@executable_path/Frameworks",
				);
				PRODUCT_BUNDLE_IDENTIFIER = org.dwbcampbell.LookBackPeripheral;
				PRODUCT_NAME = "$(TARGET_NAME)";
				SWIFT_VERSION = 4.0;
				TARGETED_DEVICE_FAMILY = "1,2";
			};
			name = Release;
		};
		5E5D0AEB209D1453007D9C85 /* Debug */ = {
			isa = XCBuildConfiguration;
			buildSettings = {
				ALWAYS_EMBED_SWIFT_STANDARD_LIBRARIES = YES;
				BUNDLE_LOADER = "$(TEST_HOST)";
				CODE_SIGN_STYLE = Automatic;
				DEVELOPMENT_TEAM = 42S72867TF;
				INFOPLIST_FILE = LookBackPeripheralTests/Info.plist;
				LD_RUNPATH_SEARCH_PATHS = (
					"$(inherited)",
					"@executable_path/Frameworks",
					"@loader_path/Frameworks",
				);
				PRODUCT_BUNDLE_IDENTIFIER = org.dwbcampbell.LookBackPeripheralTests;
				PRODUCT_NAME = "$(TARGET_NAME)";
				SWIFT_VERSION = 4.0;
				TARGETED_DEVICE_FAMILY = "1,2";
				TEST_HOST = "$(BUILT_PRODUCTS_DIR)/LookBackPeripheral.app/LookBackPeripheral";
			};
			name = Debug;
		};
		5E5D0AEC209D1453007D9C85 /* Release */ = {
			isa = XCBuildConfiguration;
			buildSettings = {
				ALWAYS_EMBED_SWIFT_STANDARD_LIBRARIES = YES;
				BUNDLE_LOADER = "$(TEST_HOST)";
				CODE_SIGN_STYLE = Automatic;
				DEVELOPMENT_TEAM = 42S72867TF;
				INFOPLIST_FILE = LookBackPeripheralTests/Info.plist;
				LD_RUNPATH_SEARCH_PATHS = (
					"$(inherited)",
					"@executable_path/Frameworks",
					"@loader_path/Frameworks",
				);
				PRODUCT_BUNDLE_IDENTIFIER = org.dwbcampbell.LookBackPeripheralTests;
				PRODUCT_NAME = "$(TARGET_NAME)";
				SWIFT_VERSION = 4.0;
				TARGETED_DEVICE_FAMILY = "1,2";
				TEST_HOST = "$(BUILT_PRODUCTS_DIR)/LookBackPeripheral.app/LookBackPeripheral";
			};
			name = Release;
		};
		5E5D0AEE209D1453007D9C85 /* Debug */ = {
			isa = XCBuildConfiguration;
			buildSettings = {
				ALWAYS_EMBED_SWIFT_STANDARD_LIBRARIES = YES;
				CODE_SIGN_STYLE = Automatic;
				DEVELOPMENT_TEAM = 42S72867TF;
				INFOPLIST_FILE = LookBackPeripheralUITests/Info.plist;
				LD_RUNPATH_SEARCH_PATHS = (
					"$(inherited)",
					"@executable_path/Frameworks",
					"@loader_path/Frameworks",
				);
				PRODUCT_BUNDLE_IDENTIFIER = org.dwbcampbell.LookBackPeripheralUITests;
				PRODUCT_NAME = "$(TARGET_NAME)";
				SWIFT_VERSION = 4.0;
				TARGETED_DEVICE_FAMILY = "1,2";
				TEST_TARGET_NAME = LookBackPeripheral;
			};
			name = Debug;
		};
		5E5D0AEF209D1453007D9C85 /* Release */ = {
			isa = XCBuildConfiguration;
			buildSettings = {
				ALWAYS_EMBED_SWIFT_STANDARD_LIBRARIES = YES;
				CODE_SIGN_STYLE = Automatic;
				DEVELOPMENT_TEAM = 42S72867TF;
				INFOPLIST_FILE = LookBackPeripheralUITests/Info.plist;
				LD_RUNPATH_SEARCH_PATHS = (
					"$(inherited)",
					"@executable_path/Frameworks",
					"@loader_path/Frameworks",
				);
				PRODUCT_BUNDLE_IDENTIFIER = org.dwbcampbell.LookBackPeripheralUITests;
				PRODUCT_NAME = "$(TARGET_NAME)";
				SWIFT_VERSION = 4.0;
				TARGETED_DEVICE_FAMILY = "1,2";
				TEST_TARGET_NAME = LookBackPeripheral;
			};
			name = Release;
		};
/* End XCBuildConfiguration section */

/* Begin XCConfigurationList section */
		5E5D0ABA209D1451007D9C85 /* Build configuration list for PBXProject "LookBackPeripheral" */ = {
			isa = XCConfigurationList;
			buildConfigurations = (
				5E5D0AE5209D1453007D9C85 /* Debug */,
				5E5D0AE6209D1453007D9C85 /* Release */,
			);
			defaultConfigurationIsVisible = 0;
			defaultConfigurationName = Release;
		};
		5E5D0AE7209D1453007D9C85 /* Build configuration list for PBXNativeTarget "LookBackPeripheral" */ = {
			isa = XCConfigurationList;
			buildConfigurations = (
				5E5D0AE8209D1453007D9C85 /* Debug */,
				5E5D0AE9209D1453007D9C85 /* Release */,
			);
			defaultConfigurationIsVisible = 0;
			defaultConfigurationName = Release;
		};
		5E5D0AEA209D1453007D9C85 /* Build configuration list for PBXNativeTarget "LookBackPeripheralTests" */ = {
			isa = XCConfigurationList;
			buildConfigurations = (
				5E5D0AEB209D1453007D9C85 /* Debug */,
				5E5D0AEC209D1453007D9C85 /* Release */,
			);
			defaultConfigurationIsVisible = 0;
			defaultConfigurationName = Release;
		};
		5E5D0AED209D1453007D9C85 /* Build configuration list for PBXNativeTarget "LookBackPeripheralUITests" */ = {
			isa = XCConfigurationList;
			buildConfigurations = (
				5E5D0AEE209D1453007D9C85 /* Debug */,
				5E5D0AEF209D1453007D9C85 /* Release */,
			);
			defaultConfigurationIsVisible = 0;
			defaultConfigurationName = Release;
		};
/* End XCConfigurationList section */
	};
	rootObject = 5E5D0AB7209D1451007D9C85 /* Project object */;
}
