// !$*UTF8*$!
{
	archiveVersion = 1;
	classes = {
	};
	objectVersion = 50;
	objects = {

/* Begin PBXContainerItemProxy section */
		5E5D0AB0209D142C007D9C85 /* PBXContainerItemProxy */ = {
			isa = PBXContainerItemProxy;
			containerPortal = 5E5D0AAA209D142B007D9C85 /* LookBackCentral.xcodeproj */;
			proxyType = 2;
			remoteGlobalIDString = 5E5D0A7B209D1429007D9C85;
			remoteInfo = LookBackCentral;
		};
		5E5D0AB2209D142C007D9C85 /* PBXContainerItemProxy */ = {
			isa = PBXContainerItemProxy;
			containerPortal = 5E5D0AAA209D142B007D9C85 /* LookBackCentral.xcodeproj */;
			proxyType = 2;
			remoteGlobalIDString = 5E5D0A8D209D142B007D9C85;
			remoteInfo = LookBackCentralTests;
		};
		5E5D0AB4209D142C007D9C85 /* PBXContainerItemProxy */ = {
			isa = PBXContainerItemProxy;
			containerPortal = 5E5D0AAA209D142B007D9C85 /* LookBackCentral.xcodeproj */;
			proxyType = 2;
			remoteGlobalIDString = 5E5D0A98209D142B007D9C85;
			remoteInfo = LookBackCentralUITests;
		};
		5E5D0AF6209D1454007D9C85 /* PBXContainerItemProxy */ = {
			isa = PBXContainerItemProxy;
			containerPortal = 5E5D0AF0209D1453007D9C85 /* LookBackPeripheral.xcodeproj */;
			proxyType = 2;
			remoteGlobalIDString = 5E5D0ABF209D1451007D9C85;
			remoteInfo = LookBackPeripheral;
		};
		5E5D0AF8209D1454007D9C85 /* PBXContainerItemProxy */ = {
			isa = PBXContainerItemProxy;
			containerPortal = 5E5D0AF0209D1453007D9C85 /* LookBackPeripheral.xcodeproj */;
			proxyType = 2;
			remoteGlobalIDString = 5E5D0AD3209D1453007D9C85;
			remoteInfo = LookBackPeripheralTests;
		};
		5E5D0AFA209D1454007D9C85 /* PBXContainerItemProxy */ = {
			isa = PBXContainerItemProxy;
			containerPortal = 5E5D0AF0209D1453007D9C85 /* LookBackPeripheral.xcodeproj */;
			proxyType = 2;
			remoteGlobalIDString = 5E5D0ADE209D1453007D9C85;
			remoteInfo = LookBackPeripheralUITests;
		};
/* End PBXContainerItemProxy section */

/* Begin PBXFileReference section */
		5E5D0AAA209D142B007D9C85 /* LookBackCentral.xcodeproj */ = {isa = PBXFileReference; lastKnownFileType = "wrapper.pb-project"; name = LookBackCentral.xcodeproj; path = LookBackCentral/LookBackCentral.xcodeproj; sourceTree = "<group>"; };
		5E5D0AF0209D1453007D9C85 /* LookBackPeripheral.xcodeproj */ = {isa = PBXFileReference; lastKnownFileType = "wrapper.pb-project"; name = LookBackPeripheral.xcodeproj; path = LookBackPeripheral/LookBackPeripheral.xcodeproj; sourceTree = "<group>"; };
/* End PBXFileReference section */

/* Begin PBXGroup section */
		5E5D0A6B209D13FF007D9C85 = {
			isa = PBXGroup;
			children = (
				5E5D0AF0209D1453007D9C85 /* LookBackPeripheral.xcodeproj */,
				5E5D0AAA209D142B007D9C85 /* LookBackCentral.xcodeproj */,
			);
			sourceTree = "<group>";
		};
		5E5D0AAB209D142B007D9C85 /* Products */ = {
			isa = PBXGroup;
			children = (
				5E5D0AB1209D142C007D9C85 /* LookBackCentral.app */,
				5E5D0AB3209D142C007D9C85 /* LookBackCentralTests.xctest */,
				5E5D0AB5209D142C007D9C85 /* LookBackCentralUITests.xctest */,
			);
			name = Products;
			sourceTree = "<group>";
		};
		5E5D0AF1209D1453007D9C85 /* Products */ = {
			isa = PBXGroup;
			children = (
				5E5D0AF7209D1454007D9C85 /* LookBackPeripheral.app */,
				5E5D0AF9209D1454007D9C85 /* LookBackPeripheralTests.xctest */,
				5E5D0AFB209D1454007D9C85 /* LookBackPeripheralUITests.xctest */,
			);
			name = Products;
			sourceTree = "<group>";
		};
/* End PBXGroup section */

/* Begin PBXProject section */
		5E5D0A6C209D13FF007D9C85 /* Project object */ = {
			isa = PBXProject;
			attributes = {
				LastUpgradeCheck = 0930;
			};
			buildConfigurationList = 5E5D0A6F209D13FF007D9C85 /* Build configuration list for PBXProject "LookBack" */;
			compatibilityVersion = "Xcode 9.3";
			developmentRegion = en;
			hasScannedForEncodings = 0;
			knownRegions = (
				en,
			);
			mainGroup = 5E5D0A6B209D13FF007D9C85;
			projectDirPath = "";
			projectReferences = (
				{
					ProductGroup = 5E5D0AAB209D142B007D9C85 /* Products */;
					ProjectRef = 5E5D0AAA209D142B007D9C85 /* LookBackCentral.xcodeproj */;
				},
				{
					ProductGroup = 5E5D0AF1209D1453007D9C85 /* Products */;
					ProjectRef = 5E5D0AF0209D1453007D9C85 /* LookBackPeripheral.xcodeproj */;
				},
			);
			projectRoot = "";
			targets = (
			);
		};
/* End PBXProject section */

/* Begin PBXReferenceProxy section */
		5E5D0AB1209D142C007D9C85 /* LookBackCentral.app */ = {
			isa = PBXReferenceProxy;
			fileType = wrapper.application;
			path = LookBackCentral.app;
			remoteRef = 5E5D0AB0209D142C007D9C85 /* PBXContainerItemProxy */;
			sourceTree = BUILT_PRODUCTS_DIR;
		};
		5E5D0AB3209D142C007D9C85 /* LookBackCentralTests.xctest */ = {
			isa = PBXReferenceProxy;
			fileType = wrapper.cfbundle;
			path = LookBackCentralTests.xctest;
			remoteRef = 5E5D0AB2209D142C007D9C85 /* PBXContainerItemProxy */;
			sourceTree = BUILT_PRODUCTS_DIR;
		};
		5E5D0AB5209D142C007D9C85 /* LookBackCentralUITests.xctest */ = {
			isa = PBXReferenceProxy;
			fileType = wrapper.cfbundle;
			path = LookBackCentralUITests.xctest;
			remoteRef = 5E5D0AB4209D142C007D9C85 /* PBXContainerItemProxy */;
			sourceTree = BUILT_PRODUCTS_DIR;
		};
		5E5D0AF7209D1454007D9C85 /* LookBackPeripheral.app */ = {
			isa = PBXReferenceProxy;
			fileType = wrapper.application;
			path = LookBackPeripheral.app;
			remoteRef = 5E5D0AF6209D1454007D9C85 /* PBXContainerItemProxy */;
			sourceTree = BUILT_PRODUCTS_DIR;
		};
		5E5D0AF9209D1454007D9C85 /* LookBackPeripheralTests.xctest */ = {
			isa = PBXReferenceProxy;
			fileType = wrapper.cfbundle;
			path = LookBackPeripheralTests.xctest;
			remoteRef = 5E5D0AF8209D1454007D9C85 /* PBXContainerItemProxy */;
			sourceTree = BUILT_PRODUCTS_DIR;
		};
		5E5D0AFB209D1454007D9C85 /* LookBackPeripheralUITests.xctest */ = {
			isa = PBXReferenceProxy;
			fileType = wrapper.cfbundle;
			path = LookBackPeripheralUITests.xctest;
			remoteRef = 5E5D0AFA209D1454007D9C85 /* PBXContainerItemProxy */;
			sourceTree = BUILT_PRODUCTS_DIR;
		};
/* End PBXReferenceProxy section */

/* Begin XCBuildConfiguration section */
		5E5D0A70209D13FF007D9C85 /* Debug */ = {
			isa = XCBuildConfiguration;
			buildSettings = {
			};
			name = Debug;
		};
		5E5D0A71209D13FF007D9C85 /* Release */ = {
			isa = XCBuildConfiguration;
			buildSettings = {
			};
			name = Release;
		};
/* End XCBuildConfiguration section */

/* Begin XCConfigurationList section */
		5E5D0A6F209D13FF007D9C85 /* Build configuration list for PBXProject "LookBack" */ = {
			isa = XCConfigurationList;
			buildConfigurations = (
				5E5D0A70209D13FF007D9C85 /* Debug */,
				5E5D0A71209D13FF007D9C85 /* Release */,
			);
			defaultConfigurationIsVisible = 0;
			defaultConfigurationName = Release;
		};
/* End XCConfigurationList section */
	};
	rootObject = 5E5D0A6C209D13FF007D9C85 /* Project object */;
}
